
Microsoft Visual Studio Solution File, Format Version 12.00
# Visual Studio Version 16
VisualStudioVersion = 16.0.31729.503
MinimumVisualStudioVersion = 10.0.40219.1
Project("{FAE04EC0-301F-11D3-BF4B-00C04F79EFBC}") = "Entities", "Entities\Entities.csproj", "{C30B18C3-B224-4475-8F48-A7A548047D5E}"
EndProject
Project("{FAE04EC0-301F-11D3-BF4B-00C04F79EFBC}") = "Business", "Business\Business.csproj", "{03DFB25F-3F7C-4CBA-ADF1-032D68559108}"
EndProject
Project("{FAE04EC0-301F-11D3-BF4B-00C04F79EFBC}") = "DataAccess", "DataAccess\DataAccess.csproj", "{63EFA306-9EC4-447C-8F8E-5CB714812BB0}"
EndProject
Project("{FAE04EC0-301F-11D3-BF4B-00C04F79EFBC}") = "ConsoleUI", "ConsoleUI\ConsoleUI.csproj", "{2BDAAF7D-D576-417D-87E5-4A56650963F2}"
EndProject
Global
	GlobalSection(SolutionConfigurationPlatforms) = preSolution
		Debug|Any CPU = Debug|Any CPU
		Release|Any CPU = Release|Any CPU
	EndGlobalSection
	GlobalSection(ProjectConfigurationPlatforms) = postSolution
		{C30B18C3-B224-4475-8F48-A7A548047D5E}.Debug|Any CPU.ActiveCfg = Debug|Any CPU
		{C30B18C3-B224-4475-8F48-A7A548047D5E}.Debug|Any CPU.Build.0 = Debug|Any CPU
		{C30B18C3-B224-4475-8F48-A7A548047D5E}.Release|Any CPU.ActiveCfg = Release|Any CPU
		{C30B18C3-B224-4475-8F48-A7A548047D5E}.Release|Any CPU.Build.0 = Release|Any CPU
		{03DFB25F-3F7C-4CBA-ADF1-032D68559108}.Debug|Any CPU.ActiveCfg = Debug|Any CPU
		{03DFB25F-3F7C-4CBA-ADF1-032D68559108}.Debug|Any CPU.Build.0 = Debug|Any CPU
		{03DFB25F-3F7C-4CBA-ADF1-032D68559108}.Release|Any CPU.ActiveCfg = Release|Any CPU
		{03DFB25F-3F7C-4CBA-ADF1-032D68559108}.Release|Any CPU.Build.0 = Release|Any CPU
		{63EFA306-9EC4-447C-8F8E-5CB714812BB0}.Debug|Any CPU.ActiveCfg = Debug|Any CPU
		{63EFA306-9EC4-447C-8F8E-5CB714812BB0}.Debug|Any CPU.Build.0 = Debug|Any CPU
		{63EFA306-9EC4-447C-8F8E-5CB714812BB0}.Release|Any CPU.ActiveCfg = Release|Any CPU
		{63EFA306-9EC4-447C-8F8E-5CB714812BB0}.Release|Any CPU.Build.0 = Release|Any CPU
		{2BDAAF7D-D576-417D-87E5-4A56650963F2}.Debug|Any CPU.ActiveCfg = Debug|Any CPU
		{2BDAAF7D-D576-417D-87E5-4A56650963F2}.Debug|Any CPU.Build.0 = Debug|Any CPU
		{2BDAAF7D-D576-417D-87E5-4A56650963F2}.Release|Any CPU.ActiveCfg = Release|Any CPU
		{2BDAAF7D-D576-417D-87E5-4A56650963F2}.Release|Any CPU.Build.0 = Release|Any CPU
	EndGlobalSection
	GlobalSection(SolutionProperties) = preSolution
		HideSolutionNode = FALSE
	EndGlobalSection
	GlobalSection(ExtensibilityGlobals) = postSolution
		SolutionGuid = {6A3F4F26-6B6E-46AB-A5E7-B583565757E5}
	EndGlobalSection
EndGlobal
